github.com/ddkwork/golibrary v0.0.0-20240824094649-0784b16f2688 h1:S4jpMyc/YlfaZqpMqhL6jD8Y/xfeIT+9lMINvzlc/z4=
github.com/ddkwork/golibrary v0.0.0-20240824094649-0784b16f2688/go.mod h1:imN0hGAoy0foNmWuNfQYsT3Hayyj0CijrQtxUGNWlhs=
github.com/ddkwork/golibrary v0.0.0-20240907155501-a7924fa11ead h1:TrFJ4vKmSC2Ha6fYrVI5cPj82sHHDHfuAxZkLkaFUlA=
github.com/ddkwork/golibrary v0.0.0-20240907155501-a7924fa11ead/go.mod h1:Cc61spQRHseNoVuZba5RovSHkYM8P0PuS4s+aw+LRiE=
github.com/ddkwork/golibrary v0.0.0-20240908041315-c51926f30272 h1:3frKzvE792DgiatolbV5ySfd3AaM8BB9bRyo9dK/8vE=
github.com/ddkwork/golibrary v0.0.0-20240908041315-c51926f30272/go.mod h1:Cc61spQRHseNoVuZba5RovSHkYM8P0PuS4s+aw+LRiE=
github.com/ddkwork/golibrary v0.0.0-20240917063138-1e744f21402e h1:PRbJVpu06Q91W3mBj/NRayrURF6xCuzo7hOEnZ935jk=
github.com/ddkwork/golibrary v0.0.0-20240917063138-1e744f21402e/go.mod h1:p8V5mLCgZMeDa7O9DakEAHHryCadsIzz5t2IvF7AoQE=
github.com/ddkwork/golibrary v0.0.0-20241013144450-e7205c80fd2a h1:7Emc7vHe1z9L9+GR1ja9ftq2WWrQKVNfySHrbp1wtQQ=
github.com/ddkwork/golibrary v0.0.0-20241013144450-e7205c80fd2a/go.mod h1:p8V5mLCgZMeDa7O9DakEAHHryCadsIzz5t2IvF7AoQE=
github.com/ddkwork/golibrary v0.0.0-20241017040650-bbbab1f8305d h1:29M3nkYFk/XgFF2UpjE73SpcZ6QbZwdWtSFB7qdBPlE=
github.com/ddkwork/golibrary v0.0.0-20241017040650-bbbab1f8305d/go.mod h1:p8V5mLCgZMeDa7O9DakEAHHryCadsIzz5t2IvF7AoQE=
github.com/ddkwork/golibrary v0.0.0-20241019071614-e59e1fc7ebc0 h1:8YEXRmdPNGyjvcAscmZZbSaZ3bj/krUbUY6EYVhzQuo=
github.com/ddkwork/golibrary v0.0.0-20241019071614-e59e1fc7ebc0/go.mod h1:p8V5mLCgZMeDa7O9DakEAHHryCadsIzz5t2IvF7AoQE=
github.com/ddkwork/golibrary v0.0.0-20241020131430-9f84143523ad h1:lZ4YlvzE5UM27Da3tK5Thkc5dQS7kmi8oJVpgr/QQks=
github.com/ddkwork/golibrary v0.0.0-20241020131430-9f84143523ad/go.mod h1:p8V5mLCgZMeDa7O9DakEAHHryCadsIzz5t2IvF7AoQE=
github.com/ddkwork/golibrary v0.0.0-20241020144441-0151141db9f3 h1:uFZriEUTnU6wxr9Aa8XDT/vkcgtcv/H31+2pDk6jUY4=
github.com/ddkwork/golibrary v0.0.0-20241020144441-0151141db9f3/go.mod h1:p8V5mLCgZMeDa7O9DakEAHHryCadsIzz5t2IvF7AoQE=
github.com/ddkwork/golibrary v0.0.0-20241025003819-4d1c80a8a691 h1:hC/QMAASc1NN0A17Zz3JfQmvkOr0ESSJ3xEMJrl2rSc=
github.com/ddkwork/golibrary v0.0.0-20241025003819-4d1c80a8a691/go.mod h1:p8V5mLCgZMeDa7O9DakEAHHryCadsIzz5t2IvF7AoQE=
github.com/mmcloughlin/avo v0.4.0 h1:jeHDRktVD+578ULxWpQHkilor6pkdLF7u7EiTzDbfcU=
github.com/mmcloughlin/avo v0.4.0/go.mod h1:RW9BfYA3TgO9uCdNrKU2h6J8cPD8ZLznvfgHAeszb1s=
github.com/yuin/goldmark v1.4.0/go.mod h1:mwnBkeHKe2W/ZEtQ+71ViKU8L12m81fl3OWwC1Zlc8k=
golang.org/x/arch v0.0.0-20210923205945-b76863e36670/go.mod h1:5om86z9Hs0C8fWVUuoMHwpExlXzs5Tkyp9hOrfG7pp8=
golang.org/x/crypto v0.0.0-20190308221718-c2843e01d9a2/go.mod h1:djNgcEr1/C05ACkg1iLfiJU5Ep61QUkGW8qpdssI0+w=
golang.org/x/crypto v0.0.0-20191011191535-87dc89f01550/go.mod h1:yigFU9vqHzYiE8UmvKecakEJjdnWj3jj499lnFckfCI=
golang.org/x/mod v0.4.2/go.mod h1:s0Qsj1ACt9ePp/hMypM3fl4fZqREWJwdYDEqhRiZZUA=
golang.org/x/mod v0.20.0 h1:utOm6MM3R3dnawAiJgn0y+xvuYRsm1RKM/4giyfDgV0=
golang.org/x/mod v0.20.0/go.mod h1:hTbmBsO62+eylJbnUtE2MGJUyE7QWk4xUqPFrRgJ+7c=
golang.org/x/mod v0.21.0/go.mod h1:6SkKJ3Xj0I0BrPOZoBy3bdMptDDU9oJrpohJ3eWZ1fY=
golang.org/x/net v0.0.0-20190404232315-eb5bcb51f2a3/go.mod h1:t9HGtf8HONx5eT2rtn7q6eTqICYqUVnKs3thJo3Qplg=
golang.org/x/net v0.0.0-20190620200207-3b0461eec859/go.mod h1:z5CRVTTTmAJ677TzLLGU+0bjPO0LkuOLi4/5GtJWs/s=
golang.org/x/net v0.0.0-20210805182204-aaa1db679c0d/go.mod h1:9nx3DQGgdP8bBQD5qxJ1jj9UTztislL4KSBs9R2vV5Y=
golang.org/x/sync v0.0.0-20190423024810-112230192c58/go.mod h1:RxMgew5VJxzue5/jJTE5uejpjVlOe/izrB70Jof72aM=
golang.org/x/sync v0.0.0-20210220032951-036812b2e83c/go.mod h1:RxMgew5VJxzue5/jJTE5uejpjVlOe/izrB70Jof72aM=
golang.org/x/sync v0.8.0 h1:3NFvSEYkUoMifnESzZl15y791HH1qU2xm6eCJU5ZPXQ=
golang.org/x/sync v0.8.0/go.mod h1:Czt+wKu1gCyEFDUtn0jG5QVvpJ6rzVqr5aXyt9drQfk=
golang.org/x/sys v0.0.0-20190215142949-d0b11bdaac8a/go.mod h1:STP8DvDyc/dI5b8T5hshtkjS+E42TnysNCUPdjciGhY=
golang.org/x/sys v0.0.0-20190412213103-97732733099d/go.mod h1:h1NjWce9XRLGQEsW7wpKNCjG9DtNlClVuFLEZdDNbEs=
golang.org/x/sys v0.0.0-20201119102817-f84b799fce68/go.mod h1:h1NjWce9XRLGQEsW7wpKNCjG9DtNlClVuFLEZdDNbEs=
golang.org/x/sys v0.0.0-20210423082822-04245dca01da/go.mod h1:h1NjWce9XRLGQEsW7wpKNCjG9DtNlClVuFLEZdDNbEs=
golang.org/x/sys v0.0.0-20210809222454-d867a43fc93e/go.mod h1:oPkhp1MJrh7nUepCBck5+mAzfO9JrbApNNgaTdGDITg=
golang.org/x/sys v0.0.0-20211030160813-b3129d9d1021/go.mod h1:oPkhp1MJrh7nUepCBck5+mAzfO9JrbApNNgaTdGDITg=
golang.org/x/term v0.0.0-20201126162022-7de9c90e9dd1/go.mod h1:bj7SfCRtBDWHUb9snDiAeCFNEtKQo2Wmx5Cou7ajbmo=
golang.org/x/text v0.3.0/go.mod h1:NqM8EUOU14njkJ3fqMW+pc6Ldnwhi/IjpwHt7yyuwOQ=
golang.org/x/text v0.3.6/go.mod h1:5Zoc/QRtKVWzQhOtBMvqHzDpF6irO9z98xDceosuGiQ=
golang.org/x/tools v0.0.0-20180917221912-90fa682c2a6e/go.mod h1:n7NCudcB/nEzxVGmLbDWY5pfWTLqBcC2KZ6jyYvM4mQ=
golang.org/x/tools v0.0.0-20191119224855-298f0cb1881e/go.mod h1:b+2E5dAYhXwXZwtnZ6UAqBI28+e2cm9otk0dWdXHAEo=
golang.org/x/tools v0.1.7/go.mod h1:LGqMHiF4EqQNHR1JncWGqT5BVaXmza+X+BDGol+dOxo=
golang.org/x/tools v0.24.0 h1:J1shsA93PJUEVaUSaay7UXAyE8aimq3GW0pjlolpa24=
golang.org/x/tools v0.24.0/go.mod h1:YhNqVBIfWHdzvTLs0d8LCuMhkKUgSUKldakyV7W/WDQ=
golang.org/x/tools v0.25.0/go.mod h1:/vtpO8WL1N9cQC3FN5zPqb//fRXskFHbLKk4OW1Q7rg=
golang.org/x/xerrors v0.0.0-20190717185122-a985d3407aa7/go.mod h1:I/5z698sn9Ka8TeJc9MKroUUfqBBauWjQqLJ2OPfmY0=
golang.org/x/xerrors v0.0.0-20191011141410-1b5146add898/go.mod h1:I/5z698sn9Ka8TeJc9MKroUUfqBBauWjQqLJ2OPfmY0=
golang.org/x/xerrors v0.0.0-20200804184101-5ec99f83aff1/go.mod h1:I/5z698sn9Ka8TeJc9MKroUUfqBBauWjQqLJ2OPfmY0=
rsc.io/pdf v0.1.1/go.mod h1:n8OzWcQ6Sp37PL01nO98y4iUCRdTGarVfzxY20ICaU4=
